
Microsoft Visual Studio Solution File, Format Version 12.00
# Visual Studio Version 17
VisualStudioVersion = 17.14.36511.14 d17.14
MinimumVisualStudioVersion = 10.0.40219.1
Project("{FAE04EC0-301F-11D3-BF4B-00C04F79EFBC}") = "04.01", "04.01\04.01.csproj", "{B9CE0D7E-46A1-48BE-AC60-E1700BE6EF78}"
EndProject
Global
	GlobalSection(SolutionConfigurationPlatforms) = preSolution
		Debug|Any CPU = Debug|Any CPU
		Release|Any CPU = Release|Any CPU
	EndGlobalSection
	GlobalSection(ProjectConfigurationPlatforms) = postSolution
		{B9CE0D7E-46A1-48BE-AC60-E1700BE6EF78}.Debug|Any CPU.ActiveCfg = Debug|Any CPU
		{B9CE0D7E-46A1-48BE-AC60-E1700BE6EF78}.Debug|Any CPU.Build.0 = Debug|Any CPU
		{B9CE0D7E-46A1-48BE-AC60-E1700BE6EF78}.Release|Any CPU.ActiveCfg = Release|Any CPU
		{B9CE0D7E-46A1-48BE-AC60-E1700BE6EF78}.Release|Any CPU.Build.0 = Release|Any CPU
	EndGlobalSection
	GlobalSection(SolutionProperties) = preSolution
		HideSolutionNode = FALSE
	EndGlobalSection
	GlobalSection(ExtensibilityGlobals) = postSolution
		SolutionGuid = {162B6C5F-1ECB-4CF9-8E60-2C764571D20A}
	EndGlobalSection
EndGlobal
