
Microsoft Visual Studio Solution File, Format Version 12.00
# Visual Studio Version 17
VisualStudioVersion = 17.14.36511.14 d17.14
MinimumVisualStudioVersion = 10.0.40219.1
Project("{FAE04EC0-301F-11D3-BF4B-00C04F79EFBC}") = "03.19", "03.19\03.19.csproj", "{39C83661-4951-450F-948C-183AF95DA713}"
EndProject
Global
	GlobalSection(SolutionConfigurationPlatforms) = preSolution
		Debug|Any CPU = Debug|Any CPU
		Release|Any CPU = Release|Any CPU
	EndGlobalSection
	GlobalSection(ProjectConfigurationPlatforms) = postSolution
		{39C83661-4951-450F-948C-183AF95DA713}.Debug|Any CPU.ActiveCfg = Debug|Any CPU
		{39C83661-4951-450F-948C-183AF95DA713}.Debug|Any CPU.Build.0 = Debug|Any CPU
		{39C83661-4951-450F-948C-183AF95DA713}.Release|Any CPU.ActiveCfg = Release|Any CPU
		{39C83661-4951-450F-948C-183AF95DA713}.Release|Any CPU.Build.0 = Release|Any CPU
	EndGlobalSection
	GlobalSection(SolutionProperties) = preSolution
		HideSolutionNode = FALSE
	EndGlobalSection
	GlobalSection(ExtensibilityGlobals) = postSolution
		SolutionGuid = {5B2E7FA8-85C1-47D0-A74E-4BD4161014D8}
	EndGlobalSection
EndGlobal
